
Microsoft Visual Studio Solution File, Format Version 12.00
# Visual Studio 15
VisualStudioVersion = 15.0.28307.1169
MinimumVisualStudioVersion = 10.0.40219.1
Project("{FAE04EC0-301F-11D3-BF4B-00C04F79EFBC}") = "CSF1Homework", "CSF1Homework\CSF1Homework.csproj", "{88719D3E-0704-4FD4-8007-FBAD3DFA6841}"
EndProject
Global
	GlobalSection(SolutionConfigurationPlatforms) = preSolution
		Debug|Any CPU = Debug|Any CPU
		Release|Any CPU = Release|Any CPU
	EndGlobalSection
	GlobalSection(ProjectConfigurationPlatforms) = postSolution
		{88719D3E-0704-4FD4-8007-FBAD3DFA6841}.Debug|Any CPU.ActiveCfg = Debug|Any CPU
		{88719D3E-0704-4FD4-8007-FBAD3DFA6841}.Debug|Any CPU.Build.0 = Debug|Any CPU
		{88719D3E-0704-4FD4-8007-FBAD3DFA6841}.Release|Any CPU.ActiveCfg = Release|Any CPU
		{88719D3E-0704-4FD4-8007-FBAD3DFA6841}.Release|Any CPU.Build.0 = Release|Any CPU
	EndGlobalSection
	GlobalSection(SolutionProperties) = preSolution
		HideSolutionNode = FALSE
	EndGlobalSection
	GlobalSection(ExtensibilityGlobals) = postSolution
		SolutionGuid = {4B13E6A6-AC76-4CEF-BAA6-3D4E58AB5CAB}
	EndGlobalSection
EndGlobal
